// !$*UTF8*$!
{
	archiveVersion = 1;
	classes = {
	};
	objectVersion = 77;
	objects = {

/* Begin PBXBuildFile section */
		EE9C8F642FB5A971000AE8B7 /* AppsFlyerLib in Frameworks */ = {isa = PBXBuildFile; productRef = EE42C6D22FAE900000C4093D /* AppsFlyerLib */; };
		EE9C8F652FB5A971000AE8B7 /* FirebaseCore in Frameworks */ = {isa = PBXBuildFile; productRef = EE42C6D32FAE900000C4093D /* FirebaseCore */; };
		EE9C8F662FB5A971000AE8B7 /* FirebaseMessaging in Frameworks */ = {isa = PBXBuildFile; productRef = EE42C6D42FAE900000C4093D /* FirebaseMessaging */; };
		EE9C8FCC2FB5B2F1000AE8B7 /* PoctUniseNotificationService.appex in Embed Foundation Extensions */ = {isa = PBXBuildFile; fileRef = EE9C8FC52FB5B2F1000AE8B7 /* PoctUniseNotificationService.appex */; settings = {ATTRIBUTES = (RemoveHeadersOnCopy, ); }; };
/* End PBXBuildFile section */

/* Begin PBXContainerItemProxy section */
		EE9C8FCA2FB5B2F1000AE8B7 /* PBXContainerItemProxy */ = {
			isa = PBXContainerItemProxy;
			containerPortal = DDAA486F303CC52700DAFEE7 /* Project object */;
			proxyType = 1;
			remoteGlobalIDString = EE9C8FC42FB5B2F1000AE8B7;
			remoteInfo = PoctUniseNotificationService;
		};
/* End PBXContainerItemProxy section */

/* Begin PBXCopyFilesBuildPhase section */
		EE9C8FCD2FB5B2F1000AE8B7 /* Embed Foundation Extensions */ = {
			isa = PBXCopyFilesBuildPhase;
			buildActionMask = 2147483647;
			dstPath = "";
			dstSubfolderSpec = 13;
			files = (
				EE9C8FCC2FB5B2F1000AE8B7 /* PoctUniseNotificationService.appex in Embed Foundation Extensions */,
			);
			name = "Embed Foundation Extensions";
			runOnlyForDeploymentPostprocessing = 0;
		};
/* End PBXCopyFilesBuildPhase section */

/* Begin PBXFileReference section */
		DDAA4877303CC52700DAFEE7 /* Poct Unise.app */ = {isa = PBXFileReference; explicitFileType = wrapper.application; includeInIndex = 0; path = "Poct Unise.app"; sourceTree = BUILT_PRODUCTS_DIR; };
		EE9C8FC52FB5B2F1000AE8B7 /* PoctUniseNotificationService.appex */ = {isa = PBXFileReference; explicitFileType = "wrapper.app-extension"; includeInIndex = 0; path = PoctUniseNotificationService.appex; sourceTree = BUILT_PRODUCTS_DIR; };
/* End PBXFileReference section */

/* Begin PBXFileSystemSynchronizedBuildFileExceptionSet section */
		DDAA488C303CC52800DAFEE7 /* Exceptions for "Poct Unise" folder in "Poct Unise" target */ = {
			isa = PBXFileSystemSynchronizedBuildFileExceptionSet;
			membershipExceptions = (
				Info.plist,
			);
			target = DDAA4876303CC52700DAFEE7 /* Poct Unise */;
		};
		EE9C8FD02FB5B2F1000AE8B7 /* Exceptions for "PoctUniseNotificationService" folder in "PoctUniseNotificationService" target */ = {
			isa = PBXFileSystemSynchronizedBuildFileExceptionSet;
			membershipExceptions = (
				Info.plist,
			);
			target = EE9C8FC42FB5B2F1000AE8B7 /* PoctUniseNotificationService */;
		};
/* End PBXFileSystemSynchronizedBuildFileExceptionSet section */

/* Begin PBXFileSystemSynchronizedRootGroup section */
		DDAA4879303CC52700DAFEE7 /* Poct Unise */ = {
			isa = PBXFileSystemSynchronizedRootGroup;
			exceptions = (
				DDAA488C303CC52800DAFEE7 /* Exceptions for "Poct Unise" folder in "Poct Unise" target */,
			);
			path = "Poct Unise";
			sourceTree = "<group>";
		};
		EE9C8FC62FB5B2F1000AE8B7 /* PoctUniseNotificationService */ = {
			isa = PBXFileSystemSynchronizedRootGroup;
			exceptions = (
				EE9C8FD02FB5B2F1000AE8B7 /* Exceptions for "PoctUniseNotificationService" folder in "PoctUniseNotificationService" target */,
			);
			path = PoctUniseNotificationService;
			sourceTree = "<group>";
		};
/* End PBXFileSystemSynchronizedRootGroup section */

/* Begin PBXFrameworksBuildPhase section */
		DDAA4874303CC52700DAFEE7 /* Frameworks */ = {
			isa = PBXFrameworksBuildPhase;
			buildActionMask = 2147483647;
			files = (
				EE9C8F662FB5A971000AE8B7 /* FirebaseMessaging in Frameworks */,
				EE9C8F652FB5A971000AE8B7 /* FirebaseCore in Frameworks */,
				EE9C8F642FB5A971000AE8B7 /* AppsFlyerLib in Frameworks */,
			);
			runOnlyForDeploymentPostprocessing = 0;
		};
		EE9C8FC22FB5B2F1000AE8B7 /* Frameworks */ = {
			isa = PBXFrameworksBuildPhase;
			buildActionMask = 2147483647;
			files = (
			);
			runOnlyForDeploymentPostprocessing = 0;
		};
/* End PBXFrameworksBuildPhase section */

/* Begin PBXGroup section */
		DDAA486E303CC52700DAFEE7 = {
			isa = PBXGroup;
			children = (
				DDAA4879303CC52700DAFEE7 /* Poct Unise */,
				EE9C8FC62FB5B2F1000AE8B7 /* PoctUniseNotificationService */,
				DDAA4878303CC52700DAFEE7 /* Products */,
			);
			sourceTree = "<group>";
		};
		DDAA4878303CC52700DAFEE7 /* Products */ = {
			isa = PBXGroup;
			children = (
				DDAA4877303CC52700DAFEE7 /* Poct Unise.app */,
				EE9C8FC52FB5B2F1000AE8B7 /* PoctUniseNotificationService.appex */,
			);
			name = Products;
			sourceTree = "<group>";
		};
/* End PBXGroup section */

/* Begin PBXNativeTarget section */
		DDAA4876303CC52700DAFEE7 /* Poct Unise */ = {
			isa = PBXNativeTarget;
			buildConfigurationList = DDAA488D303CC52800DAFEE7 /* Build configuration list for PBXNativeTarget "Poct Unise" */;
			buildPhases = (
				DDAA4873303CC52700DAFEE7 /* Sources */,
				DDAA4874303CC52700DAFEE7 /* Frameworks */,
				DDAA4875303CC52700DAFEE7 /* Resources */,
				EE9C8FCD2FB5B2F1000AE8B7 /* Embed Foundation Extensions */,
			);
			buildRules = (
			);
			dependencies = (
				EE9C8FCB2FB5B2F1000AE8B7 /* PBXTargetDependency */,
			);
			fileSystemSynchronizedGroups = (
				DDAA4879303CC52700DAFEE7 /* Poct Unise */,
			);
			name = "Poct Unise";
			packageProductDependencies = (
				EE42C6D22FAE900000C4093D /* AppsFlyerLib */,
				EE42C6D32FAE900000C4093D /* FirebaseCore */,
				EE42C6D42FAE900000C4093D /* FirebaseMessaging */,
			);
			productName = "Poct Unise";
			productReference = DDAA4877303CC52700DAFEE7 /* Poct Unise.app */;
			productType = "com.apple.product-type.application";
		};
		EE9C8FC42FB5B2F1000AE8B7 /* PoctUniseNotificationService */ = {
			isa = PBXNativeTarget;
			buildConfigurationList = EE9C8FD12FB5B2F1000AE8B7 /* Build configuration list for PBXNativeTarget "PoctUniseNotificationService" */;
			buildPhases = (
				EE9C8FC12FB5B2F1000AE8B7 /* Sources */,
				EE9C8FC22FB5B2F1000AE8B7 /* Frameworks */,
				EE9C8FC32FB5B2F1000AE8B7 /* Resources */,
			);
			buildRules = (
			);
			dependencies = (
			);
			fileSystemSynchronizedGroups = (
				EE9C8FC62FB5B2F1000AE8B7 /* PoctUniseNotificationService */,
			);
			name = PoctUniseNotificationService;
			packageProductDependencies = (
			);
			productName = PoctUniseNotificationService;
			productReference = EE9C8FC52FB5B2F1000AE8B7 /* PoctUniseNotificationService.appex */;
			productType = "com.apple.product-type.app-extension";
		};
/* End PBXNativeTarget section */

/* Begin PBXProject section */
		DDAA486F303CC52700DAFEE7 /* Project object */ = {
			isa = PBXProject;
			attributes = {
				BuildIndependentTargetsInParallel = 1;
				LastSwiftUpdateCheck = 2660;
				LastUpgradeCheck = 2660;
				TargetAttributes = {
					DDAA4876303CC52700DAFEE7 = {
						CreatedOnToolsVersion = 26.6;
					};
					EE9C8FC42FB5B2F1000AE8B7 = {
						CreatedOnToolsVersion = 26.6;
					};
				};
			};
			buildConfigurationList = DDAA4872303CC52700DAFEE7 /* Build configuration list for PBXProject "Poct Unise" */;
			developmentRegion = en;
			hasScannedForEncodings = 0;
			knownRegions = (
				en,
				Base,
			);
			mainGroup = DDAA486E303CC52700DAFEE7;
			minimizedProjectReferenceProxies = 1;
			packageReferences = (
				EE42C6D02FAE900000C4093D /* XCRemoteSwiftPackageReference "AppsFlyerFramework" */,
				EE42C6D12FAE900000C4093D /* XCRemoteSwiftPackageReference "firebase-ios-sdk" */,
			);
			preferredProjectObjectVersion = 77;
			productRefGroup = DDAA4878303CC52700DAFEE7 /* Products */;
			projectDirPath = "";
			projectRoot = "";
			targets = (
				DDAA4876303CC52700DAFEE7 /* Poct Unise */,
				EE9C8FC42FB5B2F1000AE8B7 /* PoctUniseNotificationService */,
			);
		};
/* End PBXProject section */

/* Begin PBXResourcesBuildPhase section */
		DDAA4875303CC52700DAFEE7 /* Resources */ = {
			isa = PBXResourcesBuildPhase;
			buildActionMask = 2147483647;
			files = (
			);
			runOnlyForDeploymentPostprocessing = 0;
		};
		EE9C8FC32FB5B2F1000AE8B7 /* Resources */ = {
			isa = PBXResourcesBuildPhase;
			buildActionMask = 2147483647;
			files = (
			);
			runOnlyForDeploymentPostprocessing = 0;
		};
/* End PBXResourcesBuildPhase section */

/* Begin PBXSourcesBuildPhase section */
		DDAA4873303CC52700DAFEE7 /* Sources */ = {
			isa = PBXSourcesBuildPhase;
			buildActionMask = 2147483647;
			files = (
			);
			runOnlyForDeploymentPostprocessing = 0;
		};
		EE9C8FC12FB5B2F1000AE8B7 /* Sources */ = {
			isa = PBXSourcesBuildPhase;
			buildActionMask = 2147483647;
			files = (
			);
			runOnlyForDeploymentPostprocessing = 0;
		};
/* End PBXSourcesBuildPhase section */

/* Begin PBXTargetDependency section */
		EE9C8FCB2FB5B2F1000AE8B7 /* PBXTargetDependency */ = {
			isa = PBXTargetDependency;
			target = EE9C8FC42FB5B2F1000AE8B7 /* PoctUniseNotificationService */;
			targetProxy = EE9C8FCA2FB5B2F1000AE8B7 /* PBXContainerItemProxy */;
		};
/* End PBXTargetDependency section */

/* Begin XCBuildConfiguration section */
		DDAA488E303CC52800DAFEE7 /* Debug */ = {
			isa = XCBuildConfiguration;
			buildSettings = {
				ASSETCATALOG_COMPILER_APPICON_NAME = AppIcon;
				ASSETCATALOG_COMPILER_GLOBAL_ACCENT_COLOR_NAME = AccentColor;
				CODE_SIGN_ENTITLEMENTS = "Poct Unise/Poct Unise.entitlements";
				CODE_SIGN_STYLE = Automatic;
				CURRENT_PROJECT_VERSION = 17;
				GENERATE_INFOPLIST_FILE = YES;
				INFOPLIST_FILE = "Poct Unise/Info.plist";
				INFOPLIST_KEY_CFBundleDisplayName = "PocketUniverse CosmicSandbox";
				INFOPLIST_KEY_UIApplicationSupportsIndirectInputEvents = YES;
				INFOPLIST_KEY_UIMainStoryboardFile = Main;
				INFOPLIST_KEY_UIStatusBarHidden = YES;
				INFOPLIST_KEY_UISupportedInterfaceOrientations_iPad = "UIInterfaceOrientationPortrait UIInterfaceOrientationPortraitUpsideDown UIInterfaceOrientationLandscapeLeft UIInterfaceOrientationLandscapeRight";
				INFOPLIST_KEY_UISupportedInterfaceOrientations_iPhone = "UIInterfaceOrientationPortrait UIInterfaceOrientationLandscapeLeft UIInterfaceOrientationLandscapeRight";
				IPHONEOS_DEPLOYMENT_TARGET = 16.0;
				LD_RUNPATH_SEARCH_PATHS = (
					"$(inherited)",
					"@executable_path/Frameworks",
				);
				MARKETING_VERSION = 1.7;
				PRODUCT_BUNDLE_IDENTIFIER = com.PocketUniverseCosmicSandbox;
				PRODUCT_NAME = "$(TARGET_NAME)";
				STRING_CATALOG_GENERATE_SYMBOLS = YES;
				SUPPORTED_PLATFORMS = "iphoneos iphonesimulator";
				SUPPORTS_MACCATALYST = NO;
				SWIFT_APPROACHABLE_CONCURRENCY = YES;
				SWIFT_DEFAULT_ACTOR_ISOLATION = MainActor;
				SWIFT_EMIT_LOC_STRINGS = YES;
				SWIFT_UPCOMING_FEATURE_MEMBER_IMPORT_VISIBILITY = YES;
				SWIFT_VERSION = 5.0;
				TARGETED_DEVICE_FAMILY = 1;
			};
			name = Debug;
		};
		DDAA488F303CC52800DAFEE7 /* Release */ = {
			isa = XCBuildConfiguration;
			buildSettings = {
				ASSETCATALOG_COMPILER_APPICON_NAME = AppIcon;
				ASSETCATALOG_COMPILER_GLOBAL_ACCENT_COLOR_NAME = AccentColor;
				CODE_SIGN_ENTITLEMENTS = "Poct Unise/Poct Unise.entitlements";
				CODE_SIGN_STYLE = Automatic;
				CURRENT_PROJECT_VERSION = 17;
				GENERATE_INFOPLIST_FILE = YES;
				INFOPLIST_FILE = "Poct Unise/Info.plist";
				INFOPLIST_KEY_CFBundleDisplayName = "PocketUniverse CosmicSandbox";
				INFOPLIST_KEY_UIApplicationSupportsIndirectInputEvents = YES;
				INFOPLIST_KEY_UIMainStoryboardFile = Main;
				INFOPLIST_KEY_UIStatusBarHidden = YES;
				INFOPLIST_KEY_UISupportedInterfaceOrientations_iPad = "UIInterfaceOrientationPortrait UIInterfaceOrientationPortraitUpsideDown UIInterfaceOrientationLandscapeLeft UIInterfaceOrientationLandscapeRight";
				INFOPLIST_KEY_UISupportedInterfaceOrientations_iPhone = "UIInterfaceOrientationPortrait UIInterfaceOrientationLandscapeLeft UIInterfaceOrientationLandscapeRight";
				IPHONEOS_DEPLOYMENT_TARGET = 16.0;
				LD_RUNPATH_SEARCH_PATHS = (
					"$(inherited)",
					"@executable_path/Frameworks",
				);
				MARKETING_VERSION = 1.7;
				PRODUCT_BUNDLE_IDENTIFIER = com.PocketUniverseCosmicSandbox;
				PRODUCT_NAME = "$(TARGET_NAME)";
				STRING_CATALOG_GENERATE_SYMBOLS = YES;
				SUPPORTED_PLATFORMS = "iphoneos iphonesimulator";
				SUPPORTS_MACCATALYST = NO;
				SWIFT_APPROACHABLE_CONCURRENCY = YES;
				SWIFT_DEFAULT_ACTOR_ISOLATION = MainActor;
				SWIFT_EMIT_LOC_STRINGS = YES;
				SWIFT_UPCOMING_FEATURE_MEMBER_IMPORT_VISIBILITY = YES;
				SWIFT_VERSION = 5.0;
				TARGETED_DEVICE_FAMILY = 1;
			};
			name = Release;
		};
		DDAA4890303CC52800DAFEE7 /* Debug */ = {
			isa = XCBuildConfiguration;
			buildSettings = {
				ALWAYS_SEARCH_USER_PATHS = NO;
				ASSETCATALOG_COMPILER_GENERATE_SWIFT_ASSET_SYMBOL_EXTENSIONS = YES;
				CLANG_ANALYZER_NONNULL = YES;
				CLANG_ANALYZER_NUMBER_OBJECT_CONVERSION = YES_AGGRESSIVE;
				CLANG_CXX_LANGUAGE_STANDARD = "gnu++20";
				CLANG_ENABLE_MODULES = YES;
				CLANG_ENABLE_OBJC_ARC = YES;
				CLANG_ENABLE_OBJC_WEAK = YES;
				CLANG_WARN_BLOCK_CAPTURE_AUTORELEASING = YES;
				CLANG_WARN_BOOL_CONVERSION = YES;
				CLANG_WARN_COMMA = YES;
				CLANG_WARN_CONSTANT_CONVERSION = YES;
				CLANG_WARN_DEPRECATED_OBJC_IMPLEMENTATIONS = YES;
				CLANG_WARN_DIRECT_OBJC_ISA_USAGE = YES_ERROR;
				CLANG_WARN_DOCUMENTATION_COMMENTS = YES;
				CLANG_WARN_EMPTY_BODY = YES;
				CLANG_WARN_ENUM_CONVERSION = YES;
				CLANG_WARN_INFINITE_RECURSION = YES;
				CLANG_WARN_INT_CONVERSION = YES;
				CLANG_WARN_NON_LITERAL_NULL_CONVERSION = YES;
				CLANG_WARN_OBJC_IMPLICIT_RETAIN_SELF = YES;
				CLANG_WARN_OBJC_LITERAL_CONVERSION = YES;
				CLANG_WARN_OBJC_ROOT_CLASS = YES_ERROR;
				CLANG_WARN_QUOTED_INCLUDE_IN_FRAMEWORK_HEADER = YES;
				CLANG_WARN_RANGE_LOOP_ANALYSIS = YES;
				CLANG_WARN_STRICT_PROTOTYPES = YES;
				CLANG_WARN_SUSPICIOUS_MOVE = YES;
				CLANG_WARN_UNGUARDED_AVAILABILITY = YES_AGGRESSIVE;
				CLANG_WARN_UNREACHABLE_CODE = YES;
				CLANG_WARN__DUPLICATE_METHOD_MATCH = YES;
				COPY_PHASE_STRIP = NO;
				DEBUG_INFORMATION_FORMAT = dwarf;
				ENABLE_STRICT_OBJC_MSGSEND = YES;
				ENABLE_TESTABILITY = YES;
				ENABLE_USER_SCRIPT_SANDBOXING = YES;
				GCC_C_LANGUAGE_STANDARD = gnu17;
				GCC_DYNAMIC_NO_PIC = NO;
				GCC_NO_COMMON_BLOCKS = YES;
				GCC_OPTIMIZATION_LEVEL = 0;
				GCC_PREPROCESSOR_DEFINITIONS = (
					"DEBUG=1",
					"$(inherited)",
				);
				GCC_WARN_64_TO_32_BIT_CONVERSION = YES;
				GCC_WARN_ABOUT_RETURN_TYPE = YES_ERROR;
				GCC_WARN_UNDECLARED_SELECTOR = YES;
				GCC_WARN_UNINITIALIZED_AUTOS = YES_AGGRESSIVE;
				GCC_WARN_UNUSED_FUNCTION = YES;
				GCC_WARN_UNUSED_VARIABLE = YES;
				IPHONEOS_DEPLOYMENT_TARGET = 16.0;
				LOCALIZATION_PREFERS_STRING_CATALOGS = YES;
				MTL_ENABLE_DEBUG_INFO = INCLUDE_SOURCE;
				MTL_FAST_MATH = YES;
				ONLY_ACTIVE_ARCH = YES;
				SDKROOT = iphoneos;
				SWIFT_ACTIVE_COMPILATION_CONDITIONS = "DEBUG $(inherited)";
				SWIFT_OPTIMIZATION_LEVEL = "-Onone";
			};
			name = Debug;
		};
		DDAA4891303CC52800DAFEE7 /* Release */ = {
			isa = XCBuildConfiguration;
			buildSettings = {
				ALWAYS_SEARCH_USER_PATHS = NO;
				ASSETCATALOG_COMPILER_GENERATE_SWIFT_ASSET_SYMBOL_EXTENSIONS = YES;
				CLANG_ANALYZER_NONNULL = YES;
				CLANG_ANALYZER_NUMBER_OBJECT_CONVERSION = YES_AGGRESSIVE;
				CLANG_CXX_LANGUAGE_STANDARD = "gnu++20";
				CLANG_ENABLE_MODULES = YES;
				CLANG_ENABLE_OBJC_ARC = YES;
				CLANG_ENABLE_OBJC_WEAK = YES;
				CLANG_WARN_BLOCK_CAPTURE_AUTORELEASING = YES;
				CLANG_WARN_BOOL_CONVERSION = YES;
				CLANG_WARN_COMMA = YES;
				CLANG_WARN_CONSTANT_CONVERSION = YES;
				CLANG_WARN_DEPRECATED_OBJC_IMPLEMENTATIONS = YES;
				CLANG_WARN_DIRECT_OBJC_ISA_USAGE = YES_ERROR;
				CLANG_WARN_DOCUMENTATION_COMMENTS = YES;
				CLANG_WARN_EMPTY_BODY = YES;
				CLANG_WARN_ENUM_CONVERSION = YES;
				CLANG_WARN_INFINITE_RECURSION = YES;
				CLANG_WARN_INT_CONVERSION = YES;
				CLANG_WARN_NON_LITERAL_NULL_CONVERSION = YES;
				CLANG_WARN_OBJC_IMPLICIT_RETAIN_SELF = YES;
				CLANG_WARN_OBJC_LITERAL_CONVERSION = YES;
				CLANG_WARN_OBJC_ROOT_CLASS = YES_ERROR;
				CLANG_WARN_QUOTED_INCLUDE_IN_FRAMEWORK_HEADER = YES;
				CLANG_WARN_RANGE_LOOP_ANALYSIS = YES;
				CLANG_WARN_STRICT_PROTOTYPES = YES;
				CLANG_WARN_SUSPICIOUS_MOVE = YES;
				CLANG_WARN_UNGUARDED_AVAILABILITY = YES_AGGRESSIVE;
				CLANG_WARN_UNREACHABLE_CODE = YES;
				CLANG_WARN__DUPLICATE_METHOD_MATCH = YES;
				COPY_PHASE_STRIP = NO;
				DEBUG_INFORMATION_FORMAT = "dwarf-with-dsym";
				ENABLE_NS_ASSERTIONS = NO;
				ENABLE_STRICT_OBJC_MSGSEND = YES;
				ENABLE_USER_SCRIPT_SANDBOXING = YES;
				GCC_C_LANGUAGE_STANDARD = gnu17;
				GCC_NO_COMMON_BLOCKS = YES;
				GCC_WARN_64_TO_32_BIT_CONVERSION = YES;
				GCC_WARN_ABOUT_RETURN_TYPE = YES_ERROR;
				GCC_WARN_UNDECLARED_SELECTOR = YES;
				GCC_WARN_UNINITIALIZED_AUTOS = YES_AGGRESSIVE;
				GCC_WARN_UNUSED_FUNCTION = YES;
				GCC_WARN_UNUSED_VARIABLE = YES;
				IPHONEOS_DEPLOYMENT_TARGET = 16.0;
				LOCALIZATION_PREFERS_STRING_CATALOGS = YES;
				MTL_ENABLE_DEBUG_INFO = NO;
				MTL_FAST_MATH = YES;
				SDKROOT = iphoneos;
				SWIFT_COMPILATION_MODE = wholemodule;
				VALIDATE_PRODUCT = YES;
			};
			name = Release;
		};
		EE9C8FCE2FB5B2F1000AE8B7 /* Debug */ = {
			isa = XCBuildConfiguration;
			buildSettings = {
				CODE_SIGN_STYLE = Automatic;
				CURRENT_PROJECT_VERSION = 17;
				GENERATE_INFOPLIST_FILE = YES;
				INFOPLIST_FILE = PoctUniseNotificationService/Info.plist;
				INFOPLIST_KEY_CFBundleDisplayName = "PocketUniverse CosmicSandbox";
				INFOPLIST_KEY_NSHumanReadableCopyright = "";
				IPHONEOS_DEPLOYMENT_TARGET = 16.0;
				LD_RUNPATH_SEARCH_PATHS = (
					"$(inherited)",
					"@executable_path/Frameworks",
					"@executable_path/../../Frameworks",
				);
				MARKETING_VERSION = 1.7;
				PRODUCT_BUNDLE_IDENTIFIER = com.PocketUniverseCosmicSandbox.PocketUniverseNotificationService;
				PRODUCT_NAME = "$(TARGET_NAME)";
				SKIP_INSTALL = YES;
				STRING_CATALOG_GENERATE_SYMBOLS = YES;
				SWIFT_APPROACHABLE_CONCURRENCY = YES;
				SWIFT_EMIT_LOC_STRINGS = YES;
				SWIFT_UPCOMING_FEATURE_MEMBER_IMPORT_VISIBILITY = YES;
				SWIFT_VERSION = 5.0;
				TARGETED_DEVICE_FAMILY = "1,2";
			};
			name = Debug;
		};
		EE9C8FCF2FB5B2F1000AE8B7 /* Release */ = {
			isa = XCBuildConfiguration;
			buildSettings = {
				CODE_SIGN_STYLE = Automatic;
				CURRENT_PROJECT_VERSION = 17;
				GENERATE_INFOPLIST_FILE = YES;
				INFOPLIST_FILE = PoctUniseNotificationService/Info.plist;
				INFOPLIST_KEY_CFBundleDisplayName = "PocketUniverse CosmicSandbox";
				INFOPLIST_KEY_NSHumanReadableCopyright = "";
				IPHONEOS_DEPLOYMENT_TARGET = 16.0;
				LD_RUNPATH_SEARCH_PATHS = (
					"$(inherited)",
					"@executable_path/Frameworks",
					"@executable_path/../../Frameworks",
				);
				MARKETING_VERSION = 1.7;
				PRODUCT_BUNDLE_IDENTIFIER = com.PocketUniverseCosmicSandbox.PocketUniverseNotificationService;
				PRODUCT_NAME = "$(TARGET_NAME)";
				SKIP_INSTALL = YES;
				STRING_CATALOG_GENERATE_SYMBOLS = YES;
				SWIFT_APPROACHABLE_CONCURRENCY = YES;
				SWIFT_EMIT_LOC_STRINGS = YES;
				SWIFT_UPCOMING_FEATURE_MEMBER_IMPORT_VISIBILITY = YES;
				SWIFT_VERSION = 5.0;
				TARGETED_DEVICE_FAMILY = "1,2";
			};
			name = Release;
		};
/* End XCBuildConfiguration section */

/* Begin XCConfigurationList section */
		DDAA4872303CC52700DAFEE7 /* Build configuration list for PBXProject "Poct Unise" */ = {
			isa = XCConfigurationList;
			buildConfigurations = (
				DDAA4890303CC52800DAFEE7 /* Debug */,
				DDAA4891303CC52800DAFEE7 /* Release */,
			);
			defaultConfigurationIsVisible = 0;
			defaultConfigurationName = Release;
		};
		DDAA488D303CC52800DAFEE7 /* Build configuration list for PBXNativeTarget "Poct Unise" */ = {
			isa = XCConfigurationList;
			buildConfigurations = (
				DDAA488E303CC52800DAFEE7 /* Debug */,
				DDAA488F303CC52800DAFEE7 /* Release */,
			);
			defaultConfigurationIsVisible = 0;
			defaultConfigurationName = Release;
		};
		EE9C8FD12FB5B2F1000AE8B7 /* Build configuration list for PBXNativeTarget "PoctUniseNotificationService" */ = {
			isa = XCConfigurationList;
			buildConfigurations = (
				EE9C8FCE2FB5B2F1000AE8B7 /* Debug */,
				EE9C8FCF2FB5B2F1000AE8B7 /* Release */,
			);
			defaultConfigurationIsVisible = 0;
			defaultConfigurationName = Release;
		};
/* End XCConfigurationList section */

/* Begin XCRemoteSwiftPackageReference section */
		EE42C6D02FAE900000C4093D /* XCRemoteSwiftPackageReference "AppsFlyerFramework" */ = {
			isa = XCRemoteSwiftPackageReference;
			repositoryURL = "https://github.com/AppsFlyerSDK/AppsFlyerFramework";
			requirement = {
				kind = upToNextMajorVersion;
				minimumVersion = 6.18.0;
			};
		};
		EE42C6D12FAE900000C4093D /* XCRemoteSwiftPackageReference "firebase-ios-sdk" */ = {
			isa = XCRemoteSwiftPackageReference;
			repositoryURL = "https://github.com/firebase/firebase-ios-sdk";
			requirement = {
				kind = upToNextMajorVersion;
				minimumVersion = 12.18.0;
			};
		};
/* End XCRemoteSwiftPackageReference section */

/* Begin XCSwiftPackageProductDependency section */
		EE42C6D22FAE900000C4093D /* AppsFlyerLib */ = {
			isa = XCSwiftPackageProductDependency;
			package = EE42C6D02FAE900000C4093D /* XCRemoteSwiftPackageReference "AppsFlyerFramework" */;
			productName = AppsFlyerLib;
		};
		EE42C6D32FAE900000C4093D /* FirebaseCore */ = {
			isa = XCSwiftPackageProductDependency;
			package = EE42C6D12FAE900000C4093D /* XCRemoteSwiftPackageReference "firebase-ios-sdk" */;
			productName = FirebaseCore;
		};
		EE42C6D42FAE900000C4093D /* FirebaseMessaging */ = {
			isa = XCSwiftPackageProductDependency;
			package = EE42C6D12FAE900000C4093D /* XCRemoteSwiftPackageReference "firebase-ios-sdk" */;
			productName = FirebaseMessaging;
		};
/* End XCSwiftPackageProductDependency section */
	};
	rootObject = DDAA486F303CC52700DAFEE7 /* Project object */;
}
